
Microsoft Visual Studio Solution File, Format Version 12.00
# Visual Studio 2012
Project("{FAE04EC0-301F-11D3-BF4B-00C04F79EFBC}") = "RtMidi.Core", "RtMidi.Core\RtMidi.Core.csproj", "{21427A90-5BB5-4E07-9993-69831B387C5B}"
EndProject
Project("{FAE04EC0-301F-11D3-BF4B-00C04F79EFBC}") = "RtMidi.Core.Samples", "RtMidi.Core.Samples\RtMidi.Core.Samples.csproj", "{2574496E-86C1-46A5-86FF-A19CCDF1365A}"
EndProject
Global
	GlobalSection(SolutionConfigurationPlatforms) = preSolution
		Debug|Any CPU = Debug|Any CPU
		Release|Any CPU = Release|Any CPU
	EndGlobalSection
	GlobalSection(ProjectConfigurationPlatforms) = postSolution
		{21427A90-5BB5-4E07-9993-69831B387C5B}.Debug|Any CPU.ActiveCfg = Debug|Any CPU
		{21427A90-5BB5-4E07-9993-69831B387C5B}.Debug|Any CPU.Build.0 = Debug|Any CPU
		{21427A90-5BB5-4E07-9993-69831B387C5B}.Release|Any CPU.ActiveCfg = Release|Any CPU
		{21427A90-5BB5-4E07-9993-69831B387C5B}.Release|Any CPU.Build.0 = Release|Any CPU
		{2574496E-86C1-46A5-86FF-A19CCDF1365A}.Debug|Any CPU.ActiveCfg = Debug|Any CPU
		{2574496E-86C1-46A5-86FF-A19CCDF1365A}.Debug|Any CPU.Build.0 = Debug|Any CPU
		{2574496E-86C1-46A5-86FF-A19CCDF1365A}.Release|Any CPU.ActiveCfg = Release|Any CPU
		{2574496E-86C1-46A5-86FF-A19CCDF1365A}.Release|Any CPU.Build.0 = Release|Any CPU
	EndGlobalSection
EndGlobal
